
Microsoft Visual Studio Solution File, Format Version 12.00
# Visual Studio Version 17
VisualStudioVersion = 17.11.35312.102
MinimumVisualStudioVersion = 10.0.40219.1
Project("{F184B08F-C81C-45F6-A57F-5ABD9991F28F}") = "MPC History Cleaner", "MPC History Cleaner\MPC History Cleaner.vbproj", "{A5EF8E78-AFAA-4BEF-B884-66AC919D0A0C}"
EndProject
Global
	GlobalSection(SolutionConfigurationPlatforms) = preSolution
		Debug|Any CPU = Debug|Any CPU
		Release|Any CPU = Release|Any CPU
	EndGlobalSection
	GlobalSection(ProjectConfigurationPlatforms) = postSolution
		{A5EF8E78-AFAA-4BEF-B884-66AC919D0A0C}.Debug|Any CPU.ActiveCfg = Debug|Any CPU
		{A5EF8E78-AFAA-4BEF-B884-66AC919D0A0C}.Debug|Any CPU.Build.0 = Debug|Any CPU
		{A5EF8E78-AFAA-4BEF-B884-66AC919D0A0C}.Release|Any CPU.ActiveCfg = Release|Any CPU
		{A5EF8E78-AFAA-4BEF-B884-66AC919D0A0C}.Release|Any CPU.Build.0 = Release|Any CPU
	EndGlobalSection
	GlobalSection(SolutionProperties) = preSolution
		HideSolutionNode = FALSE
	EndGlobalSection
	GlobalSection(ExtensibilityGlobals) = postSolution
		SolutionGuid = {56E5F592-ED6B-4784-9C77-BA10D629A5E6}
	EndGlobalSection
EndGlobal
